// !$*UTF8*$!
{
	archiveVersion = 1;
	classes = {
	};
	objectVersion = 46;
	objects = {

/* Begin PBXBuildFile section */
		A805AC0BD8E633A0443855E0 /* Pods_tiny_tabs.framework in Frameworks */ = {isa = PBXBuildFile; fileRef = C37420E58EBDA02728488E32 /* Pods_tiny_tabs.framework */; };
		F946A8BD1DAF057400519DF8 /* AppDelegate.swift in Sources */ = {isa = PBXBuildFile; fileRef = F946A8BC1DAF057400519DF8 /* AppDelegate.swift */; };
		F946A8BF1DAF057400519DF8 /* ViewController.swift in Sources */ = {isa = PBXBuildFile; fileRef = F946A8BE1DAF057400519DF8 /* ViewController.swift */; };
		F946A8C21DAF057400519DF8 /* Main.storyboard in Resources */ = {isa = PBXBuildFile; fileRef = F946A8C01DAF057400519DF8 /* Main.storyboard */; };
		F946A8C41DAF057400519DF8 /* Assets.xcassets in Resources */ = {isa = PBXBuildFile; fileRef = F946A8C31DAF057400519DF8 /* Assets.xcassets */; };
		F946A8C71DAF057400519DF8 /* LaunchScreen.storyboard in Resources */ = {isa = PBXBuildFile; fileRef = F946A8C51DAF057400519DF8 /* LaunchScreen.storyboard */; };
		F946A8D61DAF26A800519DF8 /* SpecialCell.swift in Sources */ = {isa = PBXBuildFile; fileRef = F946A8D51DAF26A800519DF8 /* SpecialCell.swift */; };
		F946A8D81DAF284400519DF8 /* Special.swift in Sources */ = {isa = PBXBuildFile; fileRef = F946A8D71DAF284400519DF8 /* Special.swift */; };
		F946A8DB1DAF29F100519DF8 /* DataService.swift in Sources */ = {isa = PBXBuildFile; fileRef = F946A8DA1DAF29F100519DF8 /* DataService.swift */; };
		F98DD8151DB6558700425AC1 /* Neighborhood.swift in Sources */ = {isa = PBXBuildFile; fileRef = F98DD8141DB6558700425AC1 /* Neighborhood.swift */; };
		F9C2A38D1DB10F2E0046A9FE /* Restaurant.swift in Sources */ = {isa = PBXBuildFile; fileRef = F9C2A38C1DB10F2E0046A9FE /* Restaurant.swift */; };
		F9DB5A2D1DAF3AE600D3BF0C /* GoogleService-Info.plist in Resources */ = {isa = PBXBuildFile; fileRef = F9DB5A2C1DAF3AE600D3BF0C /* GoogleService-Info.plist */; };
		F9E124701DB93E1D0096949C /* SpecialContainer.swift in Sources */ = {isa = PBXBuildFile; fileRef = F9E1246F1DB93E1D0096949C /* SpecialContainer.swift */; };
/* End PBXBuildFile section */

/* Begin PBXFileReference section */
		748BAC4FB854AEB07BAF0A92 /* Pods-tiny-tabs.debug.xcconfig */ = {isa = PBXFileReference; includeInIndex = 1; lastKnownFileType = text.xcconfig; name = "Pods-tiny-tabs.debug.xcconfig"; path = "Pods/Target Support Files/Pods-tiny-tabs/Pods-tiny-tabs.debug.xcconfig"; sourceTree = "<group>"; };
		C37420E58EBDA02728488E32 /* Pods_tiny_tabs.framework */ = {isa = PBXFileReference; explicitFileType = wrapper.framework; includeInIndex = 0; path = Pods_tiny_tabs.framework; sourceTree = BUILT_PRODUCTS_DIR; };
		DF2CFEA07F5BD818A088BAAC /* Pods-tiny-tabs.release.xcconfig */ = {isa = PBXFileReference; includeInIndex = 1; lastKnownFileType = text.xcconfig; name = "Pods-tiny-tabs.release.xcconfig"; path = "Pods/Target Support Files/Pods-tiny-tabs/Pods-tiny-tabs.release.xcconfig"; sourceTree = "<group>"; };
		F946A8B91DAF057400519DF8 /* tiny-tabs.app */ = {isa = PBXFileReference; explicitFileType = wrapper.application; includeInIndex = 0; path = "tiny-tabs.app"; sourceTree = BUILT_PRODUCTS_DIR; };
		F946A8BC1DAF057400519DF8 /* AppDelegate.swift */ = {isa = PBXFileReference; lastKnownFileType = sourcecode.swift; path = AppDelegate.swift; sourceTree = "<group>"; };
		F946A8BE1DAF057400519DF8 /* ViewController.swift */ = {isa = PBXFileReference; lastKnownFileType = sourcecode.swift; path = ViewController.swift; sourceTree = "<group>"; };
		F946A8C11DAF057400519DF8 /* Base */ = {isa = PBXFileReference; lastKnownFileType = file.storyboard; name = Base; path = Base.lproj/Main.storyboard; sourceTree = "<group>"; };
		F946A8C31DAF057400519DF8 /* Assets.xcassets */ = {isa = PBXFileReference; lastKnownFileType = folder.assetcatalog; path = Assets.xcassets; sourceTree = "<group>"; };
		F946A8C61DAF057400519DF8 /* Base */ = {isa = PBXFileReference; lastKnownFileType = file.storyboard; name = Base; path = Base.lproj/LaunchScreen.storyboard; sourceTree = "<group>"; };
		F946A8C81DAF057400519DF8 /* Info.plist */ = {isa = PBXFileReference; lastKnownFileType = text.plist.xml; path = Info.plist; sourceTree = "<group>"; };
		F946A8D51DAF26A800519DF8 /* SpecialCell.swift */ = {isa = PBXFileReference; fileEncoding = 4; lastKnownFileType = sourcecode.swift; path = SpecialCell.swift; sourceTree = "<group>"; };
		F946A8D71DAF284400519DF8 /* Special.swift */ = {isa = PBXFileReference; fileEncoding = 4; lastKnownFileType = sourcecode.swift; path = Special.swift; sourceTree = "<group>"; };
		F946A8DA1DAF29F100519DF8 /* DataService.swift */ = {isa = PBXFileReference; fileEncoding = 4; lastKnownFileType = sourcecode.swift; path = DataService.swift; sourceTree = "<group>"; };
		F978FB481DAF3CF700C468F1 /* tiny-tabs.entitlements */ = {isa = PBXFileReference; lastKnownFileType = text.plist.entitlements; path = "tiny-tabs.entitlements"; sourceTree = "<group>"; };
		F98DD8141DB6558700425AC1 /* Neighborhood.swift */ = {isa = PBXFileReference; fileEncoding = 4; lastKnownFileType = sourcecode.swift; path = Neighborhood.swift; sourceTree = "<group>"; };
		F9C2A38C1DB10F2E0046A9FE /* Restaurant.swift */ = {isa = PBXFileReference; fileEncoding = 4; lastKnownFileType = sourcecode.swift; path = Restaurant.swift; sourceTree = "<group>"; };
		F9DB5A2C1DAF3AE600D3BF0C /* GoogleService-Info.plist */ = {isa = PBXFileReference; fileEncoding = 4; lastKnownFileType = text.plist.xml; path = "GoogleService-Info.plist"; sourceTree = "<group>"; };
		F9E1246F1DB93E1D0096949C /* SpecialContainer.swift */ = {isa = PBXFileReference; fileEncoding = 4; lastKnownFileType = sourcecode.swift; path = SpecialContainer.swift; sourceTree = "<group>"; };
/* End PBXFileReference section */

/* Begin PBXFrameworksBuildPhase section */
		F946A8B61DAF057400519DF8 /* Frameworks */ = {
			isa = PBXFrameworksBuildPhase;
			buildActionMask = 2147483647;
			files = (
				A805AC0BD8E633A0443855E0 /* Pods_tiny_tabs.framework in Frameworks */,
			);
			runOnlyForDeploymentPostprocessing = 0;
		};
/* End PBXFrameworksBuildPhase section */

/* Begin PBXGroup section */
		22075D484B9C874D911A80DA /* Pods */ = {
			isa = PBXGroup;
			children = (
				748BAC4FB854AEB07BAF0A92 /* Pods-tiny-tabs.debug.xcconfig */,
				DF2CFEA07F5BD818A088BAAC /* Pods-tiny-tabs.release.xcconfig */,
			);
			name = Pods;
			sourceTree = "<group>";
		};
		4AE7AA980822FF449D16F388 /* Frameworks */ = {
			isa = PBXGroup;
			children = (
				C37420E58EBDA02728488E32 /* Pods_tiny_tabs.framework */,
			);
			name = Frameworks;
			sourceTree = "<group>";
		};
		F946A8B01DAF057400519DF8 = {
			isa = PBXGroup;
			children = (
				F946A8BB1DAF057400519DF8 /* tiny-tabs */,
				F946A8BA1DAF057400519DF8 /* Products */,
				22075D484B9C874D911A80DA /* Pods */,
				4AE7AA980822FF449D16F388 /* Frameworks */,
			);
			sourceTree = "<group>";
		};
		F946A8BA1DAF057400519DF8 /* Products */ = {
			isa = PBXGroup;
			children = (
				F946A8B91DAF057400519DF8 /* tiny-tabs.app */,
			);
			name = Products;
			sourceTree = "<group>";
		};
		F946A8BB1DAF057400519DF8 /* tiny-tabs */ = {
			isa = PBXGroup;
			children = (
				F978FB481DAF3CF700C468F1 /* tiny-tabs.entitlements */,
				F946A8D91DAF29CC00519DF8 /* Services */,
				F946A8BC1DAF057400519DF8 /* AppDelegate.swift */,
				F946A8C31DAF057400519DF8 /* Assets.xcassets */,
				F946A8D21DAF25E500519DF8 /* Model */,
				F946A8D11DAF25E100519DF8 /* View */,
				F946A8D01DAF25DC00519DF8 /* Controller */,
				F946A8C01DAF057400519DF8 /* Main.storyboard */,
				F946A8C51DAF057400519DF8 /* LaunchScreen.storyboard */,
				F946A8C81DAF057400519DF8 /* Info.plist */,
				F9DB5A2C1DAF3AE600D3BF0C /* GoogleService-Info.plist */,
			);
			path = "tiny-tabs";
			sourceTree = "<group>";
		};
		F946A8D01DAF25DC00519DF8 /* Controller */ = {
			isa = PBXGroup;
			children = (
			);
			name = Controller;
			sourceTree = "<group>";
		};
		F946A8D11DAF25E100519DF8 /* View */ = {
			isa = PBXGroup;
			children = (
				F946A8BE1DAF057400519DF8 /* ViewController.swift */,
				F946A8D51DAF26A800519DF8 /* SpecialCell.swift */,
				F9E1246F1DB93E1D0096949C /* SpecialContainer.swift */,
			);
			name = View;
			sourceTree = "<group>";
		};
		F946A8D21DAF25E500519DF8 /* Model */ = {
			isa = PBXGroup;
			children = (
				F946A8D71DAF284400519DF8 /* Special.swift */,
				F9C2A38C1DB10F2E0046A9FE /* Restaurant.swift */,
				F98DD8141DB6558700425AC1 /* Neighborhood.swift */,
			);
			name = Model;
			sourceTree = "<group>";
		};
		F946A8D91DAF29CC00519DF8 /* Services */ = {
			isa = PBXGroup;
			children = (
				F946A8DA1DAF29F100519DF8 /* DataService.swift */,
			);
			name = Services;
			sourceTree = "<group>";
		};
/* End PBXGroup section */

/* Begin PBXNativeTarget section */
		F946A8B81DAF057400519DF8 /* tiny-tabs */ = {
			isa = PBXNativeTarget;
			buildConfigurationList = F946A8CB1DAF057400519DF8 /* Build configuration list for PBXNativeTarget "tiny-tabs" */;
			buildPhases = (
				DDA0DC1F22EC37B5EF73587C /* [CP] Check Pods Manifest.lock */,
				F946A8B51DAF057400519DF8 /* Sources */,
				F946A8B61DAF057400519DF8 /* Frameworks */,
				F946A8B71DAF057400519DF8 /* Resources */,
				C602B854DD5654F11CCDF419 /* [CP] Embed Pods Frameworks */,
				F5D5E4C5C09CCB53C22062AE /* [CP] Copy Pods Resources */,
			);
			buildRules = (
			);
			dependencies = (
			);
			name = "tiny-tabs";
			productName = "tiny-tabs";
			productReference = F946A8B91DAF057400519DF8 /* tiny-tabs.app */;
			productType = "com.apple.product-type.application";
		};
/* End PBXNativeTarget section */

/* Begin PBXProject section */
		F946A8B11DAF057400519DF8 /* Project object */ = {
			isa = PBXProject;
			attributes = {
				LastSwiftUpdateCheck = 0810;
				LastUpgradeCheck = 0810;
				ORGANIZATIONNAME = "Adam Goth";
				TargetAttributes = {
					F946A8B81DAF057400519DF8 = {
						CreatedOnToolsVersion = 8.1;
						DevelopmentTeam = M685F39Y73;
						ProvisioningStyle = Automatic;
						SystemCapabilities = {
							com.apple.Keychain = {
								enabled = 1;
							};
						};
					};
				};
			};
			buildConfigurationList = F946A8B41DAF057400519DF8 /* Build configuration list for PBXProject "tiny-tabs" */;
			compatibilityVersion = "Xcode 3.2";
			developmentRegion = English;
			hasScannedForEncodings = 0;
			knownRegions = (
				en,
				Base,
			);
			mainGroup = F946A8B01DAF057400519DF8;
			productRefGroup = F946A8BA1DAF057400519DF8 /* Products */;
			projectDirPath = "";
			projectRoot = "";
			targets = (
				F946A8B81DAF057400519DF8 /* tiny-tabs */,
			);
		};
/* End PBXProject section */

/* Begin PBXResourcesBuildPhase section */
		F946A8B71DAF057400519DF8 /* Resources */ = {
			isa = PBXResourcesBuildPhase;
			buildActionMask = 2147483647;
			files = (
				F946A8C71DAF057400519DF8 /* LaunchScreen.storyboard in Resources */,
				F9DB5A2D1DAF3AE600D3BF0C /* GoogleService-Info.plist in Resources */,
				F946A8C41DAF057400519DF8 /* Assets.xcassets in Resources */,
				F946A8C21DAF057400519DF8 /* Main.storyboard in Resources */,
			);
			runOnlyForDeploymentPostprocessing = 0;
		};
/* End PBXResourcesBuildPhase section */

/* Begin PBXShellScriptBuildPhase section */
		C602B854DD5654F11CCDF419 /* [CP] Embed Pods Frameworks */ = {
			isa = PBXShellScriptBuildPhase;
			buildActionMask = 2147483647;
			files = (
			);
			inputPaths = (
			);
			name = "[CP] Embed Pods Frameworks";
			outputPaths = (
			);
			runOnlyForDeploymentPostprocessing = 0;
			shellPath = /bin/sh;
			shellScript = "\"${SRCROOT}/Pods/Target Support Files/Pods-tiny-tabs/Pods-tiny-tabs-frameworks.sh\"\n";
			showEnvVarsInLog = 0;
		};
		DDA0DC1F22EC37B5EF73587C /* [CP] Check Pods Manifest.lock */ = {
			isa = PBXShellScriptBuildPhase;
			buildActionMask = 2147483647;
			files = (
			);
			inputPaths = (
			);
			name = "[CP] Check Pods Manifest.lock";
			outputPaths = (
			);
			runOnlyForDeploymentPostprocessing = 0;
			shellPath = /bin/sh;
			shellScript = "diff \"${PODS_ROOT}/../Podfile.lock\" \"${PODS_ROOT}/Manifest.lock\" > /dev/null\nif [[ $? != 0 ]] ; then\n    cat << EOM\nerror: The sandbox is not in sync with the Podfile.lock. Run 'pod install' or update your CocoaPods installation.\nEOM\n    exit 1\nfi\n";
			showEnvVarsInLog = 0;
		};
		F5D5E4C5C09CCB53C22062AE /* [CP] Copy Pods Resources */ = {
			isa = PBXShellScriptBuildPhase;
			buildActionMask = 2147483647;
			files = (
			);
			inputPaths = (
			);
			name = "[CP] Copy Pods Resources";
			outputPaths = (
			);
			runOnlyForDeploymentPostprocessing = 0;
			shellPath = /bin/sh;
			shellScript = "\"${SRCROOT}/Pods/Target Support Files/Pods-tiny-tabs/Pods-tiny-tabs-resources.sh\"\n";
			showEnvVarsInLog = 0;
		};
/* End PBXShellScriptBuildPhase section */

/* Begin PBXSourcesBuildPhase section */
		F946A8B51DAF057400519DF8 /* Sources */ = {
			isa = PBXSourcesBuildPhase;
			buildActionMask = 2147483647;
			files = (
				F946A8BF1DAF057400519DF8 /* ViewController.swift in Sources */,
				F946A8D81DAF284400519DF8 /* Special.swift in Sources */,
				F9C2A38D1DB10F2E0046A9FE /* Restaurant.swift in Sources */,
				F98DD8151DB6558700425AC1 /* Neighborhood.swift in Sources */,
				F946A8D61DAF26A800519DF8 /* SpecialCell.swift in Sources */,
				F9E124701DB93E1D0096949C /* SpecialContainer.swift in Sources */,
				F946A8BD1DAF057400519DF8 /* AppDelegate.swift in Sources */,
				F946A8DB1DAF29F100519DF8 /* DataService.swift in Sources */,
			);
			runOnlyForDeploymentPostprocessing = 0;
		};
/* End PBXSourcesBuildPhase section */

/* Begin PBXVariantGroup section */
		F946A8C01DAF057400519DF8 /* Main.storyboard */ = {
			isa = PBXVariantGroup;
			children = (
				F946A8C11DAF057400519DF8 /* Base */,
			);
			name = Main.storyboard;
			sourceTree = "<group>";
		};
		F946A8C51DAF057400519DF8 /* LaunchScreen.storyboard */ = {
			isa = PBXVariantGroup;
			children = (
				F946A8C61DAF057400519DF8 /* Base */,
			);
			name = LaunchScreen.storyboard;
			sourceTree = "<group>";
		};
/* End PBXVariantGroup section */

/* Begin XCBuildConfiguration section */
		F946A8C91DAF057400519DF8 /* Debug */ = {
			isa = XCBuildConfiguration;
			buildSettings = {
				ALWAYS_SEARCH_USER_PATHS = NO;
				CLANG_ANALYZER_NONNULL = YES;
				CLANG_CXX_LANGUAGE_STANDARD = "gnu++0x";
				CLANG_CXX_LIBRARY = "libc++";
				CLANG_ENABLE_MODULES = YES;
				CLANG_ENABLE_OBJC_ARC = YES;
				CLANG_WARN_BOOL_CONVERSION = YES;
				CLANG_WARN_CONSTANT_CONVERSION = YES;
				CLANG_WARN_DIRECT_OBJC_ISA_USAGE = YES_ERROR;
				CLANG_WARN_DOCUMENTATION_COMMENTS = YES;
				CLANG_WARN_EMPTY_BODY = YES;
				CLANG_WARN_ENUM_CONVERSION = YES;
				CLANG_WARN_INFINITE_RECURSION = YES;
				CLANG_WARN_INT_CONVERSION = YES;
				CLANG_WARN_OBJC_ROOT_CLASS = YES_ERROR;
				CLANG_WARN_SUSPICIOUS_MOVES = YES;
				CLANG_WARN_UNREACHABLE_CODE = YES;
				CLANG_WARN__DUPLICATE_METHOD_MATCH = YES;
				"CODE_SIGN_IDENTITY[sdk=iphoneos*]" = "iPhone Developer";
				COPY_PHASE_STRIP = NO;
				DEBUG_INFORMATION_FORMAT = dwarf;
				ENABLE_STRICT_OBJC_MSGSEND = YES;
				ENABLE_TESTABILITY = YES;
				GCC_C_LANGUAGE_STANDARD = gnu99;
				GCC_DYNAMIC_NO_PIC = NO;
				GCC_NO_COMMON_BLOCKS = YES;
				GCC_OPTIMIZATION_LEVEL = 0;
				GCC_PREPROCESSOR_DEFINITIONS = (
					"DEBUG=1",
					"$(inherited)",
				);
				GCC_WARN_64_TO_32_BIT_CONVERSION = YES;
				GCC_WARN_ABOUT_RETURN_TYPE = YES_ERROR;
				GCC_WARN_UNDECLARED_SELECTOR = YES;
				GCC_WARN_UNINITIALIZED_AUTOS = YES_AGGRESSIVE;
				GCC_WARN_UNUSED_FUNCTION = YES;
				GCC_WARN_UNUSED_VARIABLE = YES;
				IPHONEOS_DEPLOYMENT_TARGET = 10.1;
				MTL_ENABLE_DEBUG_INFO = YES;
				ONLY_ACTIVE_ARCH = YES;
				SDKROOT = iphoneos;
				SWIFT_ACTIVE_COMPILATION_CONDITIONS = DEBUG;
				SWIFT_OPTIMIZATION_LEVEL = "-Onone";
				TARGETED_DEVICE_FAMILY = "1,2";
			};
			name = Debug;
		};
		F946A8CA1DAF057400519DF8 /* Release */ = {
			isa = XCBuildConfiguration;
			buildSettings = {
				ALWAYS_SEARCH_USER_PATHS = NO;
				CLANG_ANALYZER_NONNULL = YES;
				CLANG_CXX_LANGUAGE_STANDARD = "gnu++0x";
				CLANG_CXX_LIBRARY = "libc++";
				CLANG_ENABLE_MODULES = YES;
				CLANG_ENABLE_OBJC_ARC = YES;
				CLANG_WARN_BOOL_CONVERSION = YES;
				CLANG_WARN_CONSTANT_CONVERSION = YES;
				CLANG_WARN_DIRECT_OBJC_ISA_USAGE = YES_ERROR;
				CLANG_WARN_DOCUMENTATION_COMMENTS = YES;
				CLANG_WARN_EMPTY_BODY = YES;
				CLANG_WARN_ENUM_CONVERSION = YES;
				CLANG_WARN_INFINITE_RECURSION = YES;
				CLANG_WARN_INT_CONVERSION = YES;
				CLANG_WARN_OBJC_ROOT_CLASS = YES_ERROR;
				CLANG_WARN_SUSPICIOUS_MOVES = YES;
				CLANG_WARN_UNREACHABLE_CODE = YES;
				CLANG_WARN__DUPLICATE_METHOD_MATCH = YES;
				"CODE_SIGN_IDENTITY[sdk=iphoneos*]" = "iPhone Developer";
				COPY_PHASE_STRIP = NO;
				DEBUG_INFORMATION_FORMAT = "dwarf-with-dsym";
				ENABLE_NS_ASSERTIONS = NO;
				ENABLE_STRICT_OBJC_MSGSEND = YES;
				GCC_C_LANGUAGE_STANDARD = gnu99;
				GCC_NO_COMMON_BLOCKS = YES;
				GCC_WARN_64_TO_32_BIT_CONVERSION = YES;
				GCC_WARN_ABOUT_RETURN_TYPE = YES_ERROR;
				GCC_WARN_UNDECLARED_SELECTOR = YES;
				GCC_WARN_UNINITIALIZED_AUTOS = YES_AGGRESSIVE;
				GCC_WARN_UNUSED_FUNCTION = YES;
				GCC_WARN_UNUSED_VARIABLE = YES;
				IPHONEOS_DEPLOYMENT_TARGET = 10.1;
				MTL_ENABLE_DEBUG_INFO = NO;
				SDKROOT = iphoneos;
				SWIFT_OPTIMIZATION_LEVEL = "-Owholemodule";
				TARGETED_DEVICE_FAMILY = "1,2";
				VALIDATE_PRODUCT = YES;
			};
			name = Release;
		};
		F946A8CC1DAF057400519DF8 /* Debug */ = {
			isa = XCBuildConfiguration;
			baseConfigurationReference = 748BAC4FB854AEB07BAF0A92 /* Pods-tiny-tabs.debug.xcconfig */;
			buildSettings = {
				ASSETCATALOG_COMPILER_APPICON_NAME = AppIcon;
				CODE_SIGN_ENTITLEMENTS = "tiny-tabs/tiny-tabs.entitlements";
				DEVELOPMENT_TEAM = M685F39Y73;
				INFOPLIST_FILE = "tiny-tabs/Info.plist";
				IPHONEOS_DEPLOYMENT_TARGET = 10.0;
				LD_RUNPATH_SEARCH_PATHS = "$(inherited) @executable_path/Frameworks";
				PRODUCT_BUNDLE_IDENTIFIER = "com.adamgoth.tiny-tabs";
				PRODUCT_NAME = "$(TARGET_NAME)";
				SWIFT_VERSION = 3.0;
			};
			name = Debug;
		};
		F946A8CD1DAF057400519DF8 /* Release */ = {
			isa = XCBuildConfiguration;
			baseConfigurationReference = DF2CFEA07F5BD818A088BAAC /* Pods-tiny-tabs.release.xcconfig */;
			buildSettings = {
				ASSETCATALOG_COMPILER_APPICON_NAME = AppIcon;
				CODE_SIGN_ENTITLEMENTS = "tiny-tabs/tiny-tabs.entitlements";
				DEVELOPMENT_TEAM = M685F39Y73;
				INFOPLIST_FILE = "tiny-tabs/Info.plist";
				IPHONEOS_DEPLOYMENT_TARGET = 10.0;
				LD_RUNPATH_SEARCH_PATHS = "$(inherited) @executable_path/Frameworks";
				PRODUCT_BUNDLE_IDENTIFIER = "com.adamgoth.tiny-tabs";
				PRODUCT_NAME = "$(TARGET_NAME)";
				SWIFT_VERSION = 3.0;
			};
			name = Release;
		};
/* End XCBuildConfiguration section */

/* Begin XCConfigurationList section */
		F946A8B41DAF057400519DF8 /* Build configuration list for PBXProject "tiny-tabs" */ = {
			isa = XCConfigurationList;
			buildConfigurations = (
				F946A8C91DAF057400519DF8 /* Debug */,
				F946A8CA1DAF057400519DF8 /* Release */,
			);
			defaultConfigurationIsVisible = 0;
			defaultConfigurationName = Release;
		};
		F946A8CB1DAF057400519DF8 /* Build configuration list for PBXNativeTarget "tiny-tabs" */ = {
			isa = XCConfigurationList;
			buildConfigurations = (
				F946A8CC1DAF057400519DF8 /* Debug */,
				F946A8CD1DAF057400519DF8 /* Release */,
			);
			defaultConfigurationIsVisible = 0;
			defaultConfigurationName = Release;
		};
/* End XCConfigurationList section */
	};
	rootObject = F946A8B11DAF057400519DF8 /* Project object */;
}
